
Microsoft Visual Studio Solution File, Format Version 12.00
# Visual Studio 2013
VisualStudioVersion = 12.0.31101.0
MinimumVisualStudioVersion = 10.0.40219.1
Project("{FAE04EC0-301F-11D3-BF4B-00C04F79EFBC}") = "RigControlConsole", "RigControlConsole\RigControlConsole.csproj", "{D5A9A1DE-481A-4522-8157-2AB659A89F4C}"
EndProject
Project("{FAE04EC0-301F-11D3-BF4B-00C04F79EFBC}") = "Model", "RigModel\Model.csproj", "{41DAF248-7D5D-40A4-AC35-85B91717F1E7}"
EndProject
Project("{FAE04EC0-301F-11D3-BF4B-00C04F79EFBC}") = "RadioCAT", "RadioCAT\RadioCAT.csproj", "{C54F6E7F-8666-4A0F-AA0A-B16F6E17BDB0}"
EndProject
Global
	GlobalSection(CodealikeProperties) = postSolution
		SolutionGuid = f1d9decb-242f-45b5-bd8f-3dd6b4c181ec
	EndGlobalSection
	GlobalSection(SolutionConfigurationPlatforms) = preSolution
		Debug|Any CPU = Debug|Any CPU
		Release|Any CPU = Release|Any CPU
	EndGlobalSection
	GlobalSection(ProjectConfigurationPlatforms) = postSolution
		{D5A9A1DE-481A-4522-8157-2AB659A89F4C}.Debug|Any CPU.ActiveCfg = Debug|Any CPU
		{D5A9A1DE-481A-4522-8157-2AB659A89F4C}.Debug|Any CPU.Build.0 = Debug|Any CPU
		{D5A9A1DE-481A-4522-8157-2AB659A89F4C}.Release|Any CPU.ActiveCfg = Release|Any CPU
		{D5A9A1DE-481A-4522-8157-2AB659A89F4C}.Release|Any CPU.Build.0 = Release|Any CPU
		{41DAF248-7D5D-40A4-AC35-85B91717F1E7}.Debug|Any CPU.ActiveCfg = Debug|Any CPU
		{41DAF248-7D5D-40A4-AC35-85B91717F1E7}.Debug|Any CPU.Build.0 = Debug|Any CPU
		{41DAF248-7D5D-40A4-AC35-85B91717F1E7}.Release|Any CPU.ActiveCfg = Release|Any CPU
		{41DAF248-7D5D-40A4-AC35-85B91717F1E7}.Release|Any CPU.Build.0 = Release|Any CPU
		{C54F6E7F-8666-4A0F-AA0A-B16F6E17BDB0}.Debug|Any CPU.ActiveCfg = Debug|Any CPU
		{C54F6E7F-8666-4A0F-AA0A-B16F6E17BDB0}.Debug|Any CPU.Build.0 = Debug|Any CPU
		{C54F6E7F-8666-4A0F-AA0A-B16F6E17BDB0}.Release|Any CPU.ActiveCfg = Release|Any CPU
		{C54F6E7F-8666-4A0F-AA0A-B16F6E17BDB0}.Release|Any CPU.Build.0 = Release|Any CPU
	EndGlobalSection
	GlobalSection(SolutionProperties) = preSolution
		HideSolutionNode = FALSE
	EndGlobalSection
EndGlobal
